
Microsoft Visual Studio Solution File, Format Version 12.00
# Visual Studio 2017
Project("{FAE04EC0-301F-11D3-BF4B-00C04F79EFBC}") = "3D-game-endterm.Plugins", "3D-game-endterm.Plugins.csproj", "{3B808B88-AC5F-D143-E241-3C51996D83B8}"
EndProject
Project("{FAE04EC0-301F-11D3-BF4B-00C04F79EFBC}") = "3D-game-endterm", "3D-game-endterm.csproj", "{E009C82B-6D12-7384-4974-B709FAD07172}"
EndProject
Project("{FAE04EC0-301F-11D3-BF4B-00C04F79EFBC}") = "3D-game-endterm.Editor.Plugins", "3D-game-endterm.Editor.Plugins.csproj", "{05A11046-2891-1688-E344-91A6BB0CA114}"
EndProject
Global
	GlobalSection(SolutionConfigurationPlatforms) = preSolution
		Debug|Any CPU = Debug|Any CPU
		Release|Any CPU = Release|Any CPU
	EndGlobalSection
	GlobalSection(ProjectConfigurationPlatforms) = postSolution
		{3B808B88-AC5F-D143-E241-3C51996D83B8}.Debug|Any CPU.ActiveCfg = Debug|Any CPU
		{3B808B88-AC5F-D143-E241-3C51996D83B8}.Debug|Any CPU.Build.0 = Debug|Any CPU
		{3B808B88-AC5F-D143-E241-3C51996D83B8}.Release|Any CPU.ActiveCfg = Release|Any CPU
		{3B808B88-AC5F-D143-E241-3C51996D83B8}.Release|Any CPU.Build.0 = Release|Any CPU
		{E009C82B-6D12-7384-4974-B709FAD07172}.Debug|Any CPU.ActiveCfg = Debug|Any CPU
		{E009C82B-6D12-7384-4974-B709FAD07172}.Debug|Any CPU.Build.0 = Debug|Any CPU
		{E009C82B-6D12-7384-4974-B709FAD07172}.Release|Any CPU.ActiveCfg = Release|Any CPU
		{E009C82B-6D12-7384-4974-B709FAD07172}.Release|Any CPU.Build.0 = Release|Any CPU
		{05A11046-2891-1688-E344-91A6BB0CA114}.Debug|Any CPU.ActiveCfg = Debug|Any CPU
		{05A11046-2891-1688-E344-91A6BB0CA114}.Debug|Any CPU.Build.0 = Debug|Any CPU
		{05A11046-2891-1688-E344-91A6BB0CA114}.Release|Any CPU.ActiveCfg = Release|Any CPU
		{05A11046-2891-1688-E344-91A6BB0CA114}.Release|Any CPU.Build.0 = Release|Any CPU
	EndGlobalSection
	GlobalSection(SolutionProperties) = preSolution
		HideSolutionNode = FALSE
	EndGlobalSection
EndGlobal
